
Microsoft Visual Studio Solution File, Format Version 12.00
# Visual Studio 15
VisualStudioVersion = 15.0.28307.572
MinimumVisualStudioVersion = 10.0.40219.1
Project("{FAE04EC0-301F-11D3-BF4B-00C04F79EFBC}") = "QFind", "QFind\QFind.csproj", "{5B636856-5DDF-491A-8242-A7C51CCAE6F6}"
EndProject
Global
	GlobalSection(SolutionConfigurationPlatforms) = preSolution
		Debug|Any CPU = Debug|Any CPU
		Release|Any CPU = Release|Any CPU
	EndGlobalSection
	GlobalSection(ProjectConfigurationPlatforms) = postSolution
		{5B636856-5DDF-491A-8242-A7C51CCAE6F6}.Debug|Any CPU.ActiveCfg = Debug|Any CPU
		{5B636856-5DDF-491A-8242-A7C51CCAE6F6}.Debug|Any CPU.Build.0 = Debug|Any CPU
		{5B636856-5DDF-491A-8242-A7C51CCAE6F6}.Release|Any CPU.ActiveCfg = Release|Any CPU
		{5B636856-5DDF-491A-8242-A7C51CCAE6F6}.Release|Any CPU.Build.0 = Release|Any CPU
	EndGlobalSection
	GlobalSection(SolutionProperties) = preSolution
		HideSolutionNode = FALSE
	EndGlobalSection
	GlobalSection(ExtensibilityGlobals) = postSolution
		SolutionGuid = {9895770C-B0F0-47B6-A055-278E88B85B06}
	EndGlobalSection
EndGlobal
